
Microsoft Visual Studio Solution File, Format Version 12.00
# Visual Studio 15
VisualStudioVersion = 15.0.28010.2016
MinimumVisualStudioVersion = 10.0.40219.1
Project("{FAE04EC0-301F-11D3-BF4B-00C04F79EFBC}") = "VisualizeGraphDijkstra", "VisualizeGraphDijkstra\VisualizeGraphDijkstra.csproj", "{AD98F505-E87E-4EAB-ABEC-5E8EDA50B69E}"
EndProject
Project("{FAE04EC0-301F-11D3-BF4B-00C04F79EFBC}") = "UnitTestVisualizeGraph", "UnitTestVisualizeGraph\UnitTestVisualizeGraph.csproj", "{FD8A84F8-2707-4982-8200-3F19362456E8}"
EndProject
Project("{FAE04EC0-301F-11D3-BF4B-00C04F79EFBC}") = "Node", "Node\Node.csproj", "{F56C09BD-48EC-4F48-A839-8C45DD06E1A4}"
EndProject
Global
	GlobalSection(SolutionConfigurationPlatforms) = preSolution
		Debug|Any CPU = Debug|Any CPU
		Release|Any CPU = Release|Any CPU
	EndGlobalSection
	GlobalSection(ProjectConfigurationPlatforms) = postSolution
		{AD98F505-E87E-4EAB-ABEC-5E8EDA50B69E}.Debug|Any CPU.ActiveCfg = Debug|Any CPU
		{AD98F505-E87E-4EAB-ABEC-5E8EDA50B69E}.Debug|Any CPU.Build.0 = Debug|Any CPU
		{AD98F505-E87E-4EAB-ABEC-5E8EDA50B69E}.Release|Any CPU.ActiveCfg = Release|Any CPU
		{AD98F505-E87E-4EAB-ABEC-5E8EDA50B69E}.Release|Any CPU.Build.0 = Release|Any CPU
		{FD8A84F8-2707-4982-8200-3F19362456E8}.Debug|Any CPU.ActiveCfg = Debug|Any CPU
		{FD8A84F8-2707-4982-8200-3F19362456E8}.Debug|Any CPU.Build.0 = Debug|Any CPU
		{FD8A84F8-2707-4982-8200-3F19362456E8}.Release|Any CPU.ActiveCfg = Release|Any CPU
		{FD8A84F8-2707-4982-8200-3F19362456E8}.Release|Any CPU.Build.0 = Release|Any CPU
		{F56C09BD-48EC-4F48-A839-8C45DD06E1A4}.Debug|Any CPU.ActiveCfg = Debug|Any CPU
		{F56C09BD-48EC-4F48-A839-8C45DD06E1A4}.Debug|Any CPU.Build.0 = Debug|Any CPU
		{F56C09BD-48EC-4F48-A839-8C45DD06E1A4}.Release|Any CPU.ActiveCfg = Release|Any CPU
		{F56C09BD-48EC-4F48-A839-8C45DD06E1A4}.Release|Any CPU.Build.0 = Release|Any CPU
	EndGlobalSection
	GlobalSection(SolutionProperties) = preSolution
		HideSolutionNode = FALSE
	EndGlobalSection
	GlobalSection(ExtensibilityGlobals) = postSolution
		SolutionGuid = {8E830F6C-E0F3-4B6D-A9E5-A1572F623A9E}
	EndGlobalSection
EndGlobal
